
Microsoft Visual Studio Solution File, Format Version 12.00
# Visual Studio Version 17
VisualStudioVersion = 17.3.32929.385
MinimumVisualStudioVersion = 10.0.40219.1
Project("{9A19103F-16F7-4668-BE54-9A1E7A4F7556}") = "DG.API", "DG.API\DG.API.csproj", "{06907469-B9CD-4ACD-89FA-CBB4732ECF34}"
EndProject
Project("{9A19103F-16F7-4668-BE54-9A1E7A4F7556}") = "DG.BLL", "DG.BLL\DG.BLL.csproj", "{82764477-8595-4027-9AD9-91E86CCC5307}"
EndProject
Project("{9A19103F-16F7-4668-BE54-9A1E7A4F7556}") = "DG.DAL", "DG.DAL\DG.DAL.csproj", "{A33DE3FB-6B4F-456A-846E-83F91C26A7A0}"
EndProject
Project("{2150E333-8FDC-42A3-9474-1A3956D46DE8}") = "Tests", "Tests", "{CE74A977-A4C7-4167-B564-E58C38F8976B}"
EndProject
Project("{9A19103F-16F7-4668-BE54-9A1E7A4F7556}") = "DG.BLL.Tests", "Tests\DG.BLL.Tests\DG.BLL.Tests.csproj", "{428FA8A7-5BB0-4008-933F-B07EABEBA431}"
EndProject
Project("{9A19103F-16F7-4668-BE54-9A1E7A4F7556}") = "DG.API.Tests", "Tests\DG.API.Tests\DG.API.Tests.csproj", "{6DE8E9BD-7254-4F79-B422-DE256E87AE9B}"
EndProject
Project("{9A19103F-16F7-4668-BE54-9A1E7A4F7556}") = "DG.DAL.IntegrationTests", "Tests\DG.DAL.IntegrationTests\DG.DAL.IntegrationTests.csproj", "{24ACA13D-FC5D-49C0-AF80-06C8C1A0065F}"
EndProject
Project("{2150E333-8FDC-42A3-9474-1A3956D46DE8}") = "Services", "Services", "{4EA785D3-0669-4263-BD52-ADFB1CC590E6}"
EndProject
Project("{2150E333-8FDC-42A3-9474-1A3956D46DE8}") = "AuthorizationService", "AuthorizationService", "{A536DF17-568F-4F39-877B-4ECD5D7FCDC1}"
EndProject
Project("{9A19103F-16F7-4668-BE54-9A1E7A4F7556}") = "AuthorizationService.DAL", "Services\AuthorizationService\AuthorizationService.DAL\AuthorizationService.DAL.csproj", "{0653CC41-54AD-4E92-ADFA-D5D44285F92E}"
EndProject
Project("{9A19103F-16F7-4668-BE54-9A1E7A4F7556}") = "AuthorizationService.BLL", "Services\AuthorizationService\AuthorizationService.BLL\AuthorizationService.BLL.csproj", "{D7FC4144-926B-4577-8DFF-39703F974B01}"
EndProject
Project("{9A19103F-16F7-4668-BE54-9A1E7A4F7556}") = "AuthorizationService.API", "Services\AuthorizationService\AuthorizationService.API\AuthorizationService.API.csproj", "{474A148A-6457-477B-82AF-FACD730638F7}"
EndProject
Project("{2150E333-8FDC-42A3-9474-1A3956D46DE8}") = "Core", "Core", "{E6F4A0FB-1CE3-4747-B76D-D30BDF924FFE}"
EndProject
Project("{FAE04EC0-301F-11D3-BF4B-00C04F79EFBC}") = "DG.Core", "Core\DG.Core\DG.Core.csproj", "{A898D87F-6336-42AF-9B07-8B056A733F7C}"
EndProject
Project("{2150E333-8FDC-42A3-9474-1A3956D46DE8}") = "Tests", "Tests", "{DA805845-6091-4849-B650-3B500A8ECB5E}"
EndProject
Global
	GlobalSection(SolutionConfigurationPlatforms) = preSolution
		Debug|Any CPU = Debug|Any CPU
		Release|Any CPU = Release|Any CPU
	EndGlobalSection
	GlobalSection(ProjectConfigurationPlatforms) = postSolution
		{06907469-B9CD-4ACD-89FA-CBB4732ECF34}.Debug|Any CPU.ActiveCfg = Debug|Any CPU
		{06907469-B9CD-4ACD-89FA-CBB4732ECF34}.Debug|Any CPU.Build.0 = Debug|Any CPU
		{06907469-B9CD-4ACD-89FA-CBB4732ECF34}.Release|Any CPU.ActiveCfg = Release|Any CPU
		{06907469-B9CD-4ACD-89FA-CBB4732ECF34}.Release|Any CPU.Build.0 = Release|Any CPU
		{82764477-8595-4027-9AD9-91E86CCC5307}.Debug|Any CPU.ActiveCfg = Debug|Any CPU
		{82764477-8595-4027-9AD9-91E86CCC5307}.Debug|Any CPU.Build.0 = Debug|Any CPU
		{82764477-8595-4027-9AD9-91E86CCC5307}.Release|Any CPU.ActiveCfg = Release|Any CPU
		{82764477-8595-4027-9AD9-91E86CCC5307}.Release|Any CPU.Build.0 = Release|Any CPU
		{A33DE3FB-6B4F-456A-846E-83F91C26A7A0}.Debug|Any CPU.ActiveCfg = Debug|Any CPU
		{A33DE3FB-6B4F-456A-846E-83F91C26A7A0}.Debug|Any CPU.Build.0 = Debug|Any CPU
		{A33DE3FB-6B4F-456A-846E-83F91C26A7A0}.Release|Any CPU.ActiveCfg = Release|Any CPU
		{A33DE3FB-6B4F-456A-846E-83F91C26A7A0}.Release|Any CPU.Build.0 = Release|Any CPU
		{428FA8A7-5BB0-4008-933F-B07EABEBA431}.Debug|Any CPU.ActiveCfg = Debug|Any CPU
		{428FA8A7-5BB0-4008-933F-B07EABEBA431}.Debug|Any CPU.Build.0 = Debug|Any CPU
		{428FA8A7-5BB0-4008-933F-B07EABEBA431}.Release|Any CPU.ActiveCfg = Release|Any CPU
		{428FA8A7-5BB0-4008-933F-B07EABEBA431}.Release|Any CPU.Build.0 = Release|Any CPU
		{6DE8E9BD-7254-4F79-B422-DE256E87AE9B}.Debug|Any CPU.ActiveCfg = Debug|Any CPU
		{6DE8E9BD-7254-4F79-B422-DE256E87AE9B}.Debug|Any CPU.Build.0 = Debug|Any CPU
		{6DE8E9BD-7254-4F79-B422-DE256E87AE9B}.Release|Any CPU.ActiveCfg = Release|Any CPU
		{6DE8E9BD-7254-4F79-B422-DE256E87AE9B}.Release|Any CPU.Build.0 = Release|Any CPU
		{24ACA13D-FC5D-49C0-AF80-06C8C1A0065F}.Debug|Any CPU.ActiveCfg = Debug|Any CPU
		{24ACA13D-FC5D-49C0-AF80-06C8C1A0065F}.Debug|Any CPU.Build.0 = Debug|Any CPU
		{24ACA13D-FC5D-49C0-AF80-06C8C1A0065F}.Release|Any CPU.ActiveCfg = Release|Any CPU
		{24ACA13D-FC5D-49C0-AF80-06C8C1A0065F}.Release|Any CPU.Build.0 = Release|Any CPU
		{0653CC41-54AD-4E92-ADFA-D5D44285F92E}.Debug|Any CPU.ActiveCfg = Debug|Any CPU
		{0653CC41-54AD-4E92-ADFA-D5D44285F92E}.Debug|Any CPU.Build.0 = Debug|Any CPU
		{0653CC41-54AD-4E92-ADFA-D5D44285F92E}.Release|Any CPU.ActiveCfg = Release|Any CPU
		{0653CC41-54AD-4E92-ADFA-D5D44285F92E}.Release|Any CPU.Build.0 = Release|Any CPU
		{D7FC4144-926B-4577-8DFF-39703F974B01}.Debug|Any CPU.ActiveCfg = Debug|Any CPU
		{D7FC4144-926B-4577-8DFF-39703F974B01}.Debug|Any CPU.Build.0 = Debug|Any CPU
		{D7FC4144-926B-4577-8DFF-39703F974B01}.Release|Any CPU.ActiveCfg = Release|Any CPU
		{D7FC4144-926B-4577-8DFF-39703F974B01}.Release|Any CPU.Build.0 = Release|Any CPU
		{474A148A-6457-477B-82AF-FACD730638F7}.Debug|Any CPU.ActiveCfg = Debug|Any CPU
		{474A148A-6457-477B-82AF-FACD730638F7}.Debug|Any CPU.Build.0 = Debug|Any CPU
		{474A148A-6457-477B-82AF-FACD730638F7}.Release|Any CPU.ActiveCfg = Release|Any CPU
		{474A148A-6457-477B-82AF-FACD730638F7}.Release|Any CPU.Build.0 = Release|Any CPU
		{A898D87F-6336-42AF-9B07-8B056A733F7C}.Debug|Any CPU.ActiveCfg = Debug|Any CPU
		{A898D87F-6336-42AF-9B07-8B056A733F7C}.Debug|Any CPU.Build.0 = Debug|Any CPU
		{A898D87F-6336-42AF-9B07-8B056A733F7C}.Release|Any CPU.ActiveCfg = Release|Any CPU
		{A898D87F-6336-42AF-9B07-8B056A733F7C}.Release|Any CPU.Build.0 = Release|Any CPU
	EndGlobalSection
	GlobalSection(SolutionProperties) = preSolution
		HideSolutionNode = FALSE
	EndGlobalSection
	GlobalSection(NestedProjects) = preSolution
		{428FA8A7-5BB0-4008-933F-B07EABEBA431} = {CE74A977-A4C7-4167-B564-E58C38F8976B}
		{6DE8E9BD-7254-4F79-B422-DE256E87AE9B} = {CE74A977-A4C7-4167-B564-E58C38F8976B}
		{24ACA13D-FC5D-49C0-AF80-06C8C1A0065F} = {CE74A977-A4C7-4167-B564-E58C38F8976B}
		{A536DF17-568F-4F39-877B-4ECD5D7FCDC1} = {4EA785D3-0669-4263-BD52-ADFB1CC590E6}
		{0653CC41-54AD-4E92-ADFA-D5D44285F92E} = {A536DF17-568F-4F39-877B-4ECD5D7FCDC1}
		{D7FC4144-926B-4577-8DFF-39703F974B01} = {A536DF17-568F-4F39-877B-4ECD5D7FCDC1}
		{474A148A-6457-477B-82AF-FACD730638F7} = {A536DF17-568F-4F39-877B-4ECD5D7FCDC1}
		{A898D87F-6336-42AF-9B07-8B056A733F7C} = {E6F4A0FB-1CE3-4747-B76D-D30BDF924FFE}
		{DA805845-6091-4849-B650-3B500A8ECB5E} = {A536DF17-568F-4F39-877B-4ECD5D7FCDC1}
	EndGlobalSection
	GlobalSection(ExtensibilityGlobals) = postSolution
		SolutionGuid = {85FE5C50-598B-426F-BDCD-68BFB6CC7F9C}
	EndGlobalSection
EndGlobal
