
Microsoft Visual Studio Solution File, Format Version 12.00
# Visual Studio Version 17
VisualStudioVersion = 17.3.32929.385
MinimumVisualStudioVersion = 10.0.40219.1
Project("{9A19103F-16F7-4668-BE54-9A1E7A4F7556}") = "DG.API", "DG.API\DG.API.csproj", "{06907469-B9CD-4ACD-89FA-CBB4732ECF34}"
EndProject
Project("{9A19103F-16F7-4668-BE54-9A1E7A4F7556}") = "DG.BLL", "DG.BLL\DG.BLL.csproj", "{82764477-8595-4027-9AD9-91E86CCC5307}"
EndProject
Project("{9A19103F-16F7-4668-BE54-9A1E7A4F7556}") = "DG.DAL", "DG.DAL\DG.DAL.csproj", "{A33DE3FB-6B4F-456A-846E-83F91C26A7A0}"
EndProject
Project("{2150E333-8FDC-42A3-9474-1A3956D46DE8}") = "Tests", "Tests", "{CE74A977-A4C7-4167-B564-E58C38F8976B}"
EndProject
Project("{9A19103F-16F7-4668-BE54-9A1E7A4F7556}") = "DG.BLL.Tests", "Tests\DG.BLL.Tests\DG.BLL.Tests.csproj", "{428FA8A7-5BB0-4008-933F-B07EABEBA431}"
EndProject
Project("{9A19103F-16F7-4668-BE54-9A1E7A4F7556}") = "DG.API.Tests", "Tests\DG.API.Tests\DG.API.Tests.csproj", "{6DE8E9BD-7254-4F79-B422-DE256E87AE9B}"
EndProject
Project("{FAE04EC0-301F-11D3-BF4B-00C04F79EFBC}") = "DG.DAL.Tests", "Tests\DG.DAL.Tests\DG.DAL.Tests.csproj", "{16B2E5E7-3E0C-4977-83D9-706B83E2DA93}"
EndProject
Global
	GlobalSection(SolutionConfigurationPlatforms) = preSolution
		Debug|Any CPU = Debug|Any CPU
		Release|Any CPU = Release|Any CPU
	EndGlobalSection
	GlobalSection(ProjectConfigurationPlatforms) = postSolution
		{06907469-B9CD-4ACD-89FA-CBB4732ECF34}.Debug|Any CPU.ActiveCfg = Debug|Any CPU
		{06907469-B9CD-4ACD-89FA-CBB4732ECF34}.Debug|Any CPU.Build.0 = Debug|Any CPU
		{06907469-B9CD-4ACD-89FA-CBB4732ECF34}.Release|Any CPU.ActiveCfg = Release|Any CPU
		{06907469-B9CD-4ACD-89FA-CBB4732ECF34}.Release|Any CPU.Build.0 = Release|Any CPU
		{82764477-8595-4027-9AD9-91E86CCC5307}.Debug|Any CPU.ActiveCfg = Debug|Any CPU
		{82764477-8595-4027-9AD9-91E86CCC5307}.Debug|Any CPU.Build.0 = Debug|Any CPU
		{82764477-8595-4027-9AD9-91E86CCC5307}.Release|Any CPU.ActiveCfg = Release|Any CPU
		{82764477-8595-4027-9AD9-91E86CCC5307}.Release|Any CPU.Build.0 = Release|Any CPU
		{A33DE3FB-6B4F-456A-846E-83F91C26A7A0}.Debug|Any CPU.ActiveCfg = Debug|Any CPU
		{A33DE3FB-6B4F-456A-846E-83F91C26A7A0}.Debug|Any CPU.Build.0 = Debug|Any CPU
		{A33DE3FB-6B4F-456A-846E-83F91C26A7A0}.Release|Any CPU.ActiveCfg = Release|Any CPU
		{A33DE3FB-6B4F-456A-846E-83F91C26A7A0}.Release|Any CPU.Build.0 = Release|Any CPU
		{428FA8A7-5BB0-4008-933F-B07EABEBA431}.Debug|Any CPU.ActiveCfg = Debug|Any CPU
		{428FA8A7-5BB0-4008-933F-B07EABEBA431}.Debug|Any CPU.Build.0 = Debug|Any CPU
		{428FA8A7-5BB0-4008-933F-B07EABEBA431}.Release|Any CPU.ActiveCfg = Release|Any CPU
		{428FA8A7-5BB0-4008-933F-B07EABEBA431}.Release|Any CPU.Build.0 = Release|Any CPU
		{6DE8E9BD-7254-4F79-B422-DE256E87AE9B}.Debug|Any CPU.ActiveCfg = Debug|Any CPU
		{6DE8E9BD-7254-4F79-B422-DE256E87AE9B}.Debug|Any CPU.Build.0 = Debug|Any CPU
		{6DE8E9BD-7254-4F79-B422-DE256E87AE9B}.Release|Any CPU.ActiveCfg = Release|Any CPU
		{6DE8E9BD-7254-4F79-B422-DE256E87AE9B}.Release|Any CPU.Build.0 = Release|Any CPU
		{16B2E5E7-3E0C-4977-83D9-706B83E2DA93}.Debug|Any CPU.ActiveCfg = Debug|Any CPU
		{16B2E5E7-3E0C-4977-83D9-706B83E2DA93}.Debug|Any CPU.Build.0 = Debug|Any CPU
		{16B2E5E7-3E0C-4977-83D9-706B83E2DA93}.Release|Any CPU.ActiveCfg = Release|Any CPU
		{16B2E5E7-3E0C-4977-83D9-706B83E2DA93}.Release|Any CPU.Build.0 = Release|Any CPU
	EndGlobalSection
	GlobalSection(SolutionProperties) = preSolution
		HideSolutionNode = FALSE
	EndGlobalSection
	GlobalSection(NestedProjects) = preSolution
		{428FA8A7-5BB0-4008-933F-B07EABEBA431} = {CE74A977-A4C7-4167-B564-E58C38F8976B}
		{6DE8E9BD-7254-4F79-B422-DE256E87AE9B} = {CE74A977-A4C7-4167-B564-E58C38F8976B}
		{16B2E5E7-3E0C-4977-83D9-706B83E2DA93} = {CE74A977-A4C7-4167-B564-E58C38F8976B}
	EndGlobalSection
	GlobalSection(ExtensibilityGlobals) = postSolution
		SolutionGuid = {85FE5C50-598B-426F-BDCD-68BFB6CC7F9C}
	EndGlobalSection
EndGlobal
